
Microsoft Visual Studio Solution File, Format Version 12.00
# Visual Studio Version 16
VisualStudioVersion = 16.0.31205.134
MinimumVisualStudioVersion = 10.0.40219.1
Project("{FAE04EC0-301F-11D3-BF4B-00C04F79EFBC}") = "Lottery539", "Lottery539.csproj", "{2DB046BF-B4F5-4DB3-A5B8-5ACF1A1B925E}"
EndProject
Global
	GlobalSection(SolutionConfigurationPlatforms) = preSolution
		Debug|Any CPU = Debug|Any CPU
		Release|Any CPU = Release|Any CPU
	EndGlobalSection
	GlobalSection(ProjectConfigurationPlatforms) = postSolution
		{2DB046BF-B4F5-4DB3-A5B8-5ACF1A1B925E}.Debug|Any CPU.ActiveCfg = Debug|Any CPU
		{2DB046BF-B4F5-4DB3-A5B8-5ACF1A1B925E}.Debug|Any CPU.Build.0 = Debug|Any CPU
		{2DB046BF-B4F5-4DB3-A5B8-5ACF1A1B925E}.Release|Any CPU.ActiveCfg = Release|Any CPU
		{2DB046BF-B4F5-4DB3-A5B8-5ACF1A1B925E}.Release|Any CPU.Build.0 = Release|Any CPU
	EndGlobalSection
	GlobalSection(SolutionProperties) = preSolution
		HideSolutionNode = FALSE
	EndGlobalSection
	GlobalSection(ExtensibilityGlobals) = postSolution
		SolutionGuid = {F581DD5D-BF5F-4CF3-8636-90B36A13020E}
	EndGlobalSection
EndGlobal
